
Microsoft Visual Studio Solution File, Format Version 12.00
# Visual Studio for Mac
Project("{FAE04EC0-301F-11D3-BF4B-00C04F79EFBC}") = "Assembly-CSharp", "Assembly-CSharp.csproj", "{C5DB984C-6AC6-C415-B768-F30308AD175B}"
EndProject
Project("{FAE04EC0-301F-11D3-BF4B-00C04F79EFBC}") = "Assembly-CSharp-Editor", "Assembly-CSharp-Editor.csproj", "{27D3A45F-CB1F-CEDA-DC37-0334E8F82C4B}"
EndProject
Global
	GlobalSection(SolutionConfigurationPlatforms) = preSolution
		Debug|Any CPU = Debug|Any CPU
		Release|Any CPU = Release|Any CPU
	EndGlobalSection
	GlobalSection(ProjectConfigurationPlatforms) = postSolution
		{C5DB984C-6AC6-C415-B768-F30308AD175B}.Debug|Any CPU.ActiveCfg = Debug|Any CPU
		{C5DB984C-6AC6-C415-B768-F30308AD175B}.Debug|Any CPU.Build.0 = Debug|Any CPU
		{C5DB984C-6AC6-C415-B768-F30308AD175B}.Release|Any CPU.ActiveCfg = Release|Any CPU
		{C5DB984C-6AC6-C415-B768-F30308AD175B}.Release|Any CPU.Build.0 = Release|Any CPU
		{27D3A45F-CB1F-CEDA-DC37-0334E8F82C4B}.Debug|Any CPU.ActiveCfg = Debug|Any CPU
		{27D3A45F-CB1F-CEDA-DC37-0334E8F82C4B}.Debug|Any CPU.Build.0 = Debug|Any CPU
		{27D3A45F-CB1F-CEDA-DC37-0334E8F82C4B}.Release|Any CPU.ActiveCfg = Release|Any CPU
		{27D3A45F-CB1F-CEDA-DC37-0334E8F82C4B}.Release|Any CPU.Build.0 = Release|Any CPU
	EndGlobalSection
	GlobalSection(SolutionProperties) = preSolution
		HideSolutionNode = FALSE
	EndGlobalSection
EndGlobal
